
Microsoft Visual Studio Solution File, Format Version 12.00
# Visual Studio Version 17
VisualStudioVersion = 17.5.002.0
MinimumVisualStudioVersion = 10.0.40219.1
Project("{9A19103F-16F7-4668-BE54-9A1E7A4F7556}") = "Code", "Code.csproj", "{331499DE-4F8F-4E95-9D8A-61069737294A}"
EndProject
Global
	GlobalSection(SolutionConfigurationPlatforms) = preSolution
		Debug|Any CPU = Debug|Any CPU
		Release|Any CPU = Release|Any CPU
	EndGlobalSection
	GlobalSection(ProjectConfigurationPlatforms) = postSolution
		{331499DE-4F8F-4E95-9D8A-61069737294A}.Debug|Any CPU.ActiveCfg = Debug|Any CPU
		{331499DE-4F8F-4E95-9D8A-61069737294A}.Debug|Any CPU.Build.0 = Debug|Any CPU
		{331499DE-4F8F-4E95-9D8A-61069737294A}.Release|Any CPU.ActiveCfg = Release|Any CPU
		{331499DE-4F8F-4E95-9D8A-61069737294A}.Release|Any CPU.Build.0 = Release|Any CPU
	EndGlobalSection
	GlobalSection(SolutionProperties) = preSolution
		HideSolutionNode = FALSE
	EndGlobalSection
	GlobalSection(ExtensibilityGlobals) = postSolution
		SolutionGuid = {6EE9323F-2992-482D-B886-8118C8D83978}
	EndGlobalSection
EndGlobal
